# This file is automatically @generated by Cargo.
# It is not intended for manual editing.
[[package]]
name = "cradle"
version = "0.0.1"
source = "registry+https://github.com/rust-lang/crates.io-index"
checksum = "f0e351f683f99a93789aa4319c326d12756a8981a392c23b740607bc5656e45e"
dependencies = [
 "rustversion",
]

[[package]]
name = "i3-lock-and-suspend"
version = "0.1.0"
dependencies = [
 "cradle",
]

[[package]]
name = "rustversion"
version = "1.0.5"
source = "registry+https://github.com/rust-lang/crates.io-index"
checksum = "61b3909d758bb75c79f23d4736fac9433868679d3ad2ea7a61e3c25cfda9a088"
